// !$*UTF8*$!
{
	archiveVersion = 1;
	classes = {
	};
	objectVersion = 46;
	objects = {

/* Begin PBXBuildFile section */
		9D69BA0618EF681F00DC2F22 /* Foundation.framework in Frameworks */ = {isa = PBXBuildFile; fileRef = 9D69BA0518EF681F00DC2F22 /* Foundation.framework */; };
		9D69BA0818EF681F00DC2F22 /* CoreGraphics.framework in Frameworks */ = {isa = PBXBuildFile; fileRef = 9D69BA0718EF681F00DC2F22 /* CoreGraphics.framework */; };
		9D69BA0A18EF681F00DC2F22 /* UIKit.framework in Frameworks */ = {isa = PBXBuildFile; fileRef = 9D69BA0918EF681F00DC2F22 /* UIKit.framework */; };
		9D69BA0C18EF681F00DC2F22 /* CoreData.framework in Frameworks */ = {isa = PBXBuildFile; fileRef = 9D69BA0B18EF681F00DC2F22 /* CoreData.framework */; };
		9D69BA1218EF681F00DC2F22 /* InfoPlist.strings in Resources */ = {isa = PBXBuildFile; fileRef = 9D69BA1018EF681F00DC2F22 /* InfoPlist.strings */; };
		9D69BA1418EF681F00DC2F22 /* main.m in Sources */ = {isa = PBXBuildFile; fileRef = 9D69BA1318EF681F00DC2F22 /* main.m */; };
		9D69BA1818EF681F00DC2F22 /* DnDAppDelegate.m in Sources */ = {isa = PBXBuildFile; fileRef = 9D69BA1718EF681F00DC2F22 /* DnDAppDelegate.m */; };
		9D69BA1B18EF681F00DC2F22 /* Main_iPhone.storyboard in Resources */ = {isa = PBXBuildFile; fileRef = 9D69BA1918EF681F00DC2F22 /* Main_iPhone.storyboard */; };
		9D69BA1E18EF681F00DC2F22 /* Main_iPad.storyboard in Resources */ = {isa = PBXBuildFile; fileRef = 9D69BA1C18EF681F00DC2F22 /* Main_iPad.storyboard */; };
		9D69BA2118EF681F00DC2F22 /* PlayerList.xcdatamodeld in Sources */ = {isa = PBXBuildFile; fileRef = 9D69BA1F18EF681F00DC2F22 /* PlayerList.xcdatamodeld */; };
		9D69BA2418EF681F00DC2F22 /* DnDMasterViewController.m in Sources */ = {isa = PBXBuildFile; fileRef = 9D69BA2318EF681F00DC2F22 /* DnDMasterViewController.m */; };
		9D69BA2718EF681F00DC2F22 /* DnDDetailViewController.m in Sources */ = {isa = PBXBuildFile; fileRef = 9D69BA2618EF681F00DC2F22 /* DnDDetailViewController.m */; };
		9D69BA2918EF681F00DC2F22 /* Images.xcassets in Resources */ = {isa = PBXBuildFile; fileRef = 9D69BA2818EF681F00DC2F22 /* Images.xcassets */; };
		9D69BA3018EF681F00DC2F22 /* XCTest.framework in Frameworks */ = {isa = PBXBuildFile; fileRef = 9D69BA2F18EF681F00DC2F22 /* XCTest.framework */; };
		9D69BA3118EF681F00DC2F22 /* Foundation.framework in Frameworks */ = {isa = PBXBuildFile; fileRef = 9D69BA0518EF681F00DC2F22 /* Foundation.framework */; };
		9D69BA3218EF681F00DC2F22 /* UIKit.framework in Frameworks */ = {isa = PBXBuildFile; fileRef = 9D69BA0918EF681F00DC2F22 /* UIKit.framework */; };
		9D69BA3318EF681F00DC2F22 /* CoreData.framework in Frameworks */ = {isa = PBXBuildFile; fileRef = 9D69BA0B18EF681F00DC2F22 /* CoreData.framework */; };
		9D69BA3B18EF681F00DC2F22 /* InfoPlist.strings in Resources */ = {isa = PBXBuildFile; fileRef = 9D69BA3918EF681F00DC2F22 /* InfoPlist.strings */; };
		9D69BA3D18EF681F00DC2F22 /* PlayerListTests.m in Sources */ = {isa = PBXBuildFile; fileRef = 9D69BA3C18EF681F00DC2F22 /* PlayerListTests.m */; };
		9D69BA4818EF695600DC2F22 /* DnDPlayer.m in Sources */ = {isa = PBXBuildFile; fileRef = 9D69BA4718EF695600DC2F22 /* DnDPlayer.m */; };
/* End PBXBuildFile section */

/* Begin PBXContainerItemProxy section */
		9D69BA3418EF681F00DC2F22 /* PBXContainerItemProxy */ = {
			isa = PBXContainerItemProxy;
			containerPortal = 9D69B9FA18EF681F00DC2F22 /* Project object */;
			proxyType = 1;
			remoteGlobalIDString = 9D69BA0118EF681F00DC2F22;
			remoteInfo = PlayerList;
		};
/* End PBXContainerItemProxy section */

/* Begin PBXFileReference section */
		9D69BA0218EF681F00DC2F22 /* PlayerList.app */ = {isa = PBXFileReference; explicitFileType = wrapper.application; includeInIndex = 0; path = PlayerList.app; sourceTree = BUILT_PRODUCTS_DIR; };
		9D69BA0518EF681F00DC2F22 /* Foundation.framework */ = {isa = PBXFileReference; lastKnownFileType = wrapper.framework; name = Foundation.framework; path = System/Library/Frameworks/Foundation.framework; sourceTree = SDKROOT; };
		9D69BA0718EF681F00DC2F22 /* CoreGraphics.framework */ = {isa = PBXFileReference; lastKnownFileType = wrapper.framework; name = CoreGraphics.framework; path = System/Library/Frameworks/CoreGraphics.framework; sourceTree = SDKROOT; };
		9D69BA0918EF681F00DC2F22 /* UIKit.framework */ = {isa = PBXFileReference; lastKnownFileType = wrapper.framework; name = UIKit.framework; path = System/Library/Frameworks/UIKit.framework; sourceTree = SDKROOT; };
		9D69BA0B18EF681F00DC2F22 /* CoreData.framework */ = {isa = PBXFileReference; lastKnownFileType = wrapper.framework; name = CoreData.framework; path = System/Library/Frameworks/CoreData.framework; sourceTree = SDKROOT; };
		9D69BA0F18EF681F00DC2F22 /* PlayerList-Info.plist */ = {isa = PBXFileReference; lastKnownFileType = text.plist.xml; path = "PlayerList-Info.plist"; sourceTree = "<group>"; };
		9D69BA1118EF681F00DC2F22 /* en */ = {isa = PBXFileReference; lastKnownFileType = text.plist.strings; name = en; path = en.lproj/InfoPlist.strings; sourceTree = "<group>"; };
		9D69BA1318EF681F00DC2F22 /* main.m */ = {isa = PBXFileReference; lastKnownFileType = sourcecode.c.objc; path = main.m; sourceTree = "<group>"; };
		9D69BA1518EF681F00DC2F22 /* PlayerList-Prefix.pch */ = {isa = PBXFileReference; lastKnownFileType = sourcecode.c.h; path = "PlayerList-Prefix.pch"; sourceTree = "<group>"; };
		9D69BA1618EF681F00DC2F22 /* DnDAppDelegate.h */ = {isa = PBXFileReference; lastKnownFileType = sourcecode.c.h; path = DnDAppDelegate.h; sourceTree = "<group>"; };
		9D69BA1718EF681F00DC2F22 /* DnDAppDelegate.m */ = {isa = PBXFileReference; lastKnownFileType = sourcecode.c.objc; path = DnDAppDelegate.m; sourceTree = "<group>"; };
		9D69BA1A18EF681F00DC2F22 /* Base */ = {isa = PBXFileReference; lastKnownFileType = file.storyboard; name = Base; path = Base.lproj/Main_iPhone.storyboard; sourceTree = "<group>"; };
		9D69BA1D18EF681F00DC2F22 /* Base */ = {isa = PBXFileReference; lastKnownFileType = file.storyboard; name = Base; path = Base.lproj/Main_iPad.storyboard; sourceTree = "<group>"; };
		9D69BA2018EF681F00DC2F22 /* PlayerList.xcdatamodel */ = {isa = PBXFileReference; lastKnownFileType = wrapper.xcdatamodel; path = PlayerList.xcdatamodel; sourceTree = "<group>"; };
		9D69BA2218EF681F00DC2F22 /* DnDMasterViewController.h */ = {isa = PBXFileReference; lastKnownFileType = sourcecode.c.h; path = DnDMasterViewController.h; sourceTree = "<group>"; };
		9D69BA2318EF681F00DC2F22 /* DnDMasterViewController.m */ = {isa = PBXFileReference; lastKnownFileType = sourcecode.c.objc; path = DnDMasterViewController.m; sourceTree = "<group>"; };
		9D69BA2518EF681F00DC2F22 /* DnDDetailViewController.h */ = {isa = PBXFileReference; lastKnownFileType = sourcecode.c.h; path = DnDDetailViewController.h; sourceTree = "<group>"; };
		9D69BA2618EF681F00DC2F22 /* DnDDetailViewController.m */ = {isa = PBXFileReference; lastKnownFileType = sourcecode.c.objc; path = DnDDetailViewController.m; sourceTree = "<group>"; };
		9D69BA2818EF681F00DC2F22 /* Images.xcassets */ = {isa = PBXFileReference; lastKnownFileType = folder.assetcatalog; path = Images.xcassets; sourceTree = "<group>"; };
		9D69BA2E18EF681F00DC2F22 /* PlayerListTests.xctest */ = {isa = PBXFileReference; explicitFileType = wrapper.cfbundle; includeInIndex = 0; path = PlayerListTests.xctest; sourceTree = BUILT_PRODUCTS_DIR; };
		9D69BA2F18EF681F00DC2F22 /* XCTest.framework */ = {isa = PBXFileReference; lastKnownFileType = wrapper.framework; name = XCTest.framework; path = Library/Frameworks/XCTest.framework; sourceTree = DEVELOPER_DIR; };
		9D69BA3818EF681F00DC2F22 /* PlayerListTests-Info.plist */ = {isa = PBXFileReference; lastKnownFileType = text.plist.xml; path = "PlayerListTests-Info.plist"; sourceTree = "<group>"; };
		9D69BA3A18EF681F00DC2F22 /* en */ = {isa = PBXFileReference; lastKnownFileType = text.plist.strings; name = en; path = en.lproj/InfoPlist.strings; sourceTree = "<group>"; };
		9D69BA3C18EF681F00DC2F22 /* PlayerListTests.m */ = {isa = PBXFileReference; lastKnownFileType = sourcecode.c.objc; path = PlayerListTests.m; sourceTree = "<group>"; };
		9D69BA4618EF695600DC2F22 /* DnDPlayer.h */ = {isa = PBXFileReference; fileEncoding = 4; lastKnownFileType = sourcecode.c.h; name = DnDPlayer.h; path = Model/DnDPlayer.h; sourceTree = "<group>"; };
		9D69BA4718EF695600DC2F22 /* DnDPlayer.m */ = {isa = PBXFileReference; fileEncoding = 4; lastKnownFileType = sourcecode.c.objc; name = DnDPlayer.m; path = Model/DnDPlayer.m; sourceTree = "<group>"; };
/* End PBXFileReference section */

/* Begin PBXFrameworksBuildPhase section */
		9D69B9FF18EF681F00DC2F22 /* Frameworks */ = {
			isa = PBXFrameworksBuildPhase;
			buildActionMask = 2147483647;
			files = (
				9D69BA0818EF681F00DC2F22 /* CoreGraphics.framework in Frameworks */,
				9D69BA0C18EF681F00DC2F22 /* CoreData.framework in Frameworks */,
				9D69BA0A18EF681F00DC2F22 /* UIKit.framework in Frameworks */,
				9D69BA0618EF681F00DC2F22 /* Foundation.framework in Frameworks */,
			);
			runOnlyForDeploymentPostprocessing = 0;
		};
		9D69BA2B18EF681F00DC2F22 /* Frameworks */ = {
			isa = PBXFrameworksBuildPhase;
			buildActionMask = 2147483647;
			files = (
				9D69BA3018EF681F00DC2F22 /* XCTest.framework in Frameworks */,
				9D69BA3318EF681F00DC2F22 /* CoreData.framework in Frameworks */,
				9D69BA3218EF681F00DC2F22 /* UIKit.framework in Frameworks */,
				9D69BA3118EF681F00DC2F22 /* Foundation.framework in Frameworks */,
			);
			runOnlyForDeploymentPostprocessing = 0;
		};
/* End PBXFrameworksBuildPhase section */

/* Begin PBXGroup section */
		9D69B9F918EF681F00DC2F22 = {
			isa = PBXGroup;
			children = (
				9D69BA4618EF695600DC2F22 /* DnDPlayer.h */,
				9D69BA4718EF695600DC2F22 /* DnDPlayer.m */,
				9D69BA0D18EF681F00DC2F22 /* PlayerList */,
				9D69BA3618EF681F00DC2F22 /* PlayerListTests */,
				9D69BA0418EF681F00DC2F22 /* Frameworks */,
				9D69BA0318EF681F00DC2F22 /* Products */,
			);
			sourceTree = "<group>";
		};
		9D69BA0318EF681F00DC2F22 /* Products */ = {
			isa = PBXGroup;
			children = (
				9D69BA0218EF681F00DC2F22 /* PlayerList.app */,
				9D69BA2E18EF681F00DC2F22 /* PlayerListTests.xctest */,
			);
			name = Products;
			sourceTree = "<group>";
		};
		9D69BA0418EF681F00DC2F22 /* Frameworks */ = {
			isa = PBXGroup;
			children = (
				9D69BA0518EF681F00DC2F22 /* Foundation.framework */,
				9D69BA0718EF681F00DC2F22 /* CoreGraphics.framework */,
				9D69BA0918EF681F00DC2F22 /* UIKit.framework */,
				9D69BA0B18EF681F00DC2F22 /* CoreData.framework */,
				9D69BA2F18EF681F00DC2F22 /* XCTest.framework */,
			);
			name = Frameworks;
			sourceTree = "<group>";
		};
		9D69BA0D18EF681F00DC2F22 /* PlayerList */ = {
			isa = PBXGroup;
			children = (
				9D69BA1618EF681F00DC2F22 /* DnDAppDelegate.h */,
				9D69BA1718EF681F00DC2F22 /* DnDAppDelegate.m */,
				9D69BA1918EF681F00DC2F22 /* Main_iPhone.storyboard */,
				9D69BA1C18EF681F00DC2F22 /* Main_iPad.storyboard */,
				9D69BA2218EF681F00DC2F22 /* DnDMasterViewController.h */,
				9D69BA2318EF681F00DC2F22 /* DnDMasterViewController.m */,
				9D69BA2518EF681F00DC2F22 /* DnDDetailViewController.h */,
				9D69BA2618EF681F00DC2F22 /* DnDDetailViewController.m */,
				9D69BA2818EF681F00DC2F22 /* Images.xcassets */,
				9D69BA1F18EF681F00DC2F22 /* PlayerList.xcdatamodeld */,
				9D69BA0E18EF681F00DC2F22 /* Supporting Files */,
			);
			path = PlayerList;
			sourceTree = "<group>";
		};
		9D69BA0E18EF681F00DC2F22 /* Supporting Files */ = {
			isa = PBXGroup;
			children = (
				9D69BA0F18EF681F00DC2F22 /* PlayerList-Info.plist */,
				9D69BA1018EF681F00DC2F22 /* InfoPlist.strings */,
				9D69BA1318EF681F00DC2F22 /* main.m */,
				9D69BA1518EF681F00DC2F22 /* PlayerList-Prefix.pch */,
			);
			name = "Supporting Files";
			sourceTree = "<group>";
		};
		9D69BA3618EF681F00DC2F22 /* PlayerListTests */ = {
			isa = PBXGroup;
			children = (
				9D69BA3C18EF681F00DC2F22 /* PlayerListTests.m */,
				9D69BA3718EF681F00DC2F22 /* Supporting Files */,
			);
			path = PlayerListTests;
			sourceTree = "<group>";
		};
		9D69BA3718EF681F00DC2F22 /* Supporting Files */ = {
			isa = PBXGroup;
			children = (
				9D69BA3818EF681F00DC2F22 /* PlayerListTests-Info.plist */,
				9D69BA3918EF681F00DC2F22 /* InfoPlist.strings */,
			);
			name = "Supporting Files";
			sourceTree = "<group>";
		};
/* End PBXGroup section */

/* Begin PBXNativeTarget section */
		9D69BA0118EF681F00DC2F22 /* PlayerList */ = {
			isa = PBXNativeTarget;
			buildConfigurationList = 9D69BA4018EF681F00DC2F22 /* Build configuration list for PBXNativeTarget "PlayerList" */;
			buildPhases = (
				9D69B9FE18EF681F00DC2F22 /* Sources */,
				9D69B9FF18EF681F00DC2F22 /* Frameworks */,
				9D69BA0018EF681F00DC2F22 /* Resources */,
			);
			buildRules = (
			);
			dependencies = (
			);
			name = PlayerList;
			productName = PlayerList;
			productReference = 9D69BA0218EF681F00DC2F22 /* PlayerList.app */;
			productType = "com.apple.product-type.application";
		};
		9D69BA2D18EF681F00DC2F22 /* PlayerListTests */ = {
			isa = PBXNativeTarget;
			buildConfigurationList = 9D69BA4318EF681F00DC2F22 /* Build configuration list for PBXNativeTarget "PlayerListTests" */;
			buildPhases = (
				9D69BA2A18EF681F00DC2F22 /* Sources */,
				9D69BA2B18EF681F00DC2F22 /* Frameworks */,
				9D69BA2C18EF681F00DC2F22 /* Resources */,
			);
			buildRules = (
			);
			dependencies = (
				9D69BA3518EF681F00DC2F22 /* PBXTargetDependency */,
			);
			name = PlayerListTests;
			productName = PlayerListTests;
			productReference = 9D69BA2E18EF681F00DC2F22 /* PlayerListTests.xctest */;
			productType = "com.apple.product-type.bundle.unit-test";
		};
/* End PBXNativeTarget section */

/* Begin PBXProject section */
		9D69B9FA18EF681F00DC2F22 /* Project object */ = {
			isa = PBXProject;
			attributes = {
				CLASSPREFIX = DnD;
				LastUpgradeCheck = 0510;
				ORGANIZATIONNAME = iMasterchris;
				TargetAttributes = {
					9D69BA2D18EF681F00DC2F22 = {
						TestTargetID = 9D69BA0118EF681F00DC2F22;
					};
				};
			};
			buildConfigurationList = 9D69B9FD18EF681F00DC2F22 /* Build configuration list for PBXProject "PlayerList" */;
			compatibilityVersion = "Xcode 3.2";
			developmentRegion = English;
			hasScannedForEncodings = 0;
			knownRegions = (
				en,
				Base,
			);
			mainGroup = 9D69B9F918EF681F00DC2F22;
			productRefGroup = 9D69BA0318EF681F00DC2F22 /* Products */;
			projectDirPath = "";
			projectRoot = "";
			targets = (
				9D69BA0118EF681F00DC2F22 /* PlayerList */,
				9D69BA2D18EF681F00DC2F22 /* PlayerListTests */,
			);
		};
/* End PBXProject section */

/* Begin PBXResourcesBuildPhase section */
		9D69BA0018EF681F00DC2F22 /* Resources */ = {
			isa = PBXResourcesBuildPhase;
			buildActionMask = 2147483647;
			files = (
				9D69BA1E18EF681F00DC2F22 /* Main_iPad.storyboard in Resources */,
				9D69BA2918EF681F00DC2F22 /* Images.xcassets in Resources */,
				9D69BA1B18EF681F00DC2F22 /* Main_iPhone.storyboard in Resources */,
				9D69BA1218EF681F00DC2F22 /* InfoPlist.strings in Resources */,
			);
			runOnlyForDeploymentPostprocessing = 0;
		};
		9D69BA2C18EF681F00DC2F22 /* Resources */ = {
			isa = PBXResourcesBuildPhase;
			buildActionMask = 2147483647;
			files = (
				9D69BA3B18EF681F00DC2F22 /* InfoPlist.strings in Resources */,
			);
			runOnlyForDeploymentPostprocessing = 0;
		};
/* End PBXResourcesBuildPhase section */

/* Begin PBXSourcesBuildPhase section */
		9D69B9FE18EF681F00DC2F22 /* Sources */ = {
			isa = PBXSourcesBuildPhase;
			buildActionMask = 2147483647;
			files = (
				9D69BA1418EF681F00DC2F22 /* main.m in Sources */,
				9D69BA2718EF681F00DC2F22 /* DnDDetailViewController.m in Sources */,
				9D69BA2418EF681F00DC2F22 /* DnDMasterViewController.m in Sources */,
				9D69BA1818EF681F00DC2F22 /* DnDAppDelegate.m in Sources */,
				9D69BA2118EF681F00DC2F22 /* PlayerList.xcdatamodeld in Sources */,
				9D69BA4818EF695600DC2F22 /* DnDPlayer.m in Sources */,
			);
			runOnlyForDeploymentPostprocessing = 0;
		};
		9D69BA2A18EF681F00DC2F22 /* Sources */ = {
			isa = PBXSourcesBuildPhase;
			buildActionMask = 2147483647;
			files = (
				9D69BA3D18EF681F00DC2F22 /* PlayerListTests.m in Sources */,
			);
			runOnlyForDeploymentPostprocessing = 0;
		};
/* End PBXSourcesBuildPhase section */

/* Begin PBXTargetDependency section */
		9D69BA3518EF681F00DC2F22 /* PBXTargetDependency */ = {
			isa = PBXTargetDependency;
			target = 9D69BA0118EF681F00DC2F22 /* PlayerList */;
			targetProxy = 9D69BA3418EF681F00DC2F22 /* PBXContainerItemProxy */;
		};
/* End PBXTargetDependency section */

/* Begin PBXVariantGroup section */
		9D69BA1018EF681F00DC2F22 /* InfoPlist.strings */ = {
			isa = PBXVariantGroup;
			children = (
				9D69BA1118EF681F00DC2F22 /* en */,
			);
			name = InfoPlist.strings;
			sourceTree = "<group>";
		};
		9D69BA1918EF681F00DC2F22 /* Main_iPhone.storyboard */ = {
			isa = PBXVariantGroup;
			children = (
				9D69BA1A18EF681F00DC2F22 /* Base */,
			);
			name = Main_iPhone.storyboard;
			sourceTree = "<group>";
		};
		9D69BA1C18EF681F00DC2F22 /* Main_iPad.storyboard */ = {
			isa = PBXVariantGroup;
			children = (
				9D69BA1D18EF681F00DC2F22 /* Base */,
			);
			name = Main_iPad.storyboard;
			sourceTree = "<group>";
		};
		9D69BA3918EF681F00DC2F22 /* InfoPlist.strings */ = {
			isa = PBXVariantGroup;
			children = (
				9D69BA3A18EF681F00DC2F22 /* en */,
			);
			name = InfoPlist.strings;
			sourceTree = "<group>";
		};
/* End PBXVariantGroup section */

/* Begin XCBuildConfiguration section */
		9D69BA3E18EF681F00DC2F22 /* Debug */ = {
			isa = XCBuildConfiguration;
			buildSettings = {
				ALWAYS_SEARCH_USER_PATHS = NO;
				CLANG_CXX_LANGUAGE_STANDARD = "gnu++0x";
				CLANG_CXX_LIBRARY = "libc++";
				CLANG_ENABLE_MODULES = YES;
				CLANG_ENABLE_OBJC_ARC = YES;
				CLANG_WARN_BOOL_CONVERSION = YES;
				CLANG_WARN_CONSTANT_CONVERSION = YES;
				CLANG_WARN_DIRECT_OBJC_ISA_USAGE = YES_ERROR;
				CLANG_WARN_EMPTY_BODY = YES;
				CLANG_WARN_ENUM_CONVERSION = YES;
				CLANG_WARN_INT_CONVERSION = YES;
				CLANG_WARN_OBJC_ROOT_CLASS = YES_ERROR;
				CLANG_WARN__DUPLICATE_METHOD_MATCH = YES;
				"CODE_SIGN_IDENTITY[sdk=iphoneos*]" = "iPhone Developer";
				COPY_PHASE_STRIP = NO;
				GCC_C_LANGUAGE_STANDARD = gnu99;
				GCC_DYNAMIC_NO_PIC = NO;
				GCC_OPTIMIZATION_LEVEL = 0;
				GCC_PREPROCESSOR_DEFINITIONS = (
					"DEBUG=1",
					"$(inherited)",
				);
				GCC_SYMBOLS_PRIVATE_EXTERN = NO;
				GCC_WARN_64_TO_32_BIT_CONVERSION = YES;
				GCC_WARN_ABOUT_RETURN_TYPE = YES_ERROR;
				GCC_WARN_UNDECLARED_SELECTOR = YES;
				GCC_WARN_UNINITIALIZED_AUTOS = YES_AGGRESSIVE;
				GCC_WARN_UNUSED_FUNCTION = YES;
				GCC_WARN_UNUSED_VARIABLE = YES;
				IPHONEOS_DEPLOYMENT_TARGET = 7.1;
				ONLY_ACTIVE_ARCH = YES;
				SDKROOT = iphoneos;
				TARGETED_DEVICE_FAMILY = "1,2";
			};
			name = Debug;
		};
		9D69BA3F18EF681F00DC2F22 /* Release */ = {
			isa = XCBuildConfiguration;
			buildSettings = {
				ALWAYS_SEARCH_USER_PATHS = NO;
				CLANG_CXX_LANGUAGE_STANDARD = "gnu++0x";
				CLANG_CXX_LIBRARY = "libc++";
				CLANG_ENABLE_MODULES = YES;
				CLANG_ENABLE_OBJC_ARC = YES;
				CLANG_WARN_BOOL_CONVERSION = YES;
				CLANG_WARN_CONSTANT_CONVERSION = YES;
				CLANG_WARN_DIRECT_OBJC_ISA_USAGE = YES_ERROR;
				CLANG_WARN_EMPTY_BODY = YES;
				CLANG_WARN_ENUM_CONVERSION = YES;
				CLANG_WARN_INT_CONVERSION = YES;
				CLANG_WARN_OBJC_ROOT_CLASS = YES_ERROR;
				CLANG_WARN__DUPLICATE_METHOD_MATCH = YES;
				"CODE_SIGN_IDENTITY[sdk=iphoneos*]" = "iPhone Developer";
				COPY_PHASE_STRIP = YES;
				ENABLE_NS_ASSERTIONS = NO;
				GCC_C_LANGUAGE_STANDARD = gnu99;
				GCC_WARN_64_TO_32_BIT_CONVERSION = YES;
				GCC_WARN_ABOUT_RETURN_TYPE = YES_ERROR;
				GCC_WARN_UNDECLARED_SELECTOR = YES;
				GCC_WARN_UNINITIALIZED_AUTOS = YES_AGGRESSIVE;
				GCC_WARN_UNUSED_FUNCTION = YES;
				GCC_WARN_UNUSED_VARIABLE = YES;
				IPHONEOS_DEPLOYMENT_TARGET = 7.1;
				SDKROOT = iphoneos;
				TARGETED_DEVICE_FAMILY = "1,2";
				VALIDATE_PRODUCT = YES;
			};
			name = Release;
		};
		9D69BA4118EF681F00DC2F22 /* Debug */ = {
			isa = XCBuildConfiguration;
			buildSettings = {
				ASSETCATALOG_COMPILER_APPICON_NAME = AppIcon;
				ASSETCATALOG_COMPILER_LAUNCHIMAGE_NAME = LaunchImage;
				GCC_PRECOMPILE_PREFIX_HEADER = YES;
				GCC_PREFIX_HEADER = "PlayerList/PlayerList-Prefix.pch";
				INFOPLIST_FILE = "PlayerList/PlayerList-Info.plist";
				PRODUCT_NAME = "$(TARGET_NAME)";
				WRAPPER_EXTENSION = app;
			};
			name = Debug;
		};
		9D69BA4218EF681F00DC2F22 /* Release */ = {
			isa = XCBuildConfiguration;
			buildSettings = {
				ASSETCATALOG_COMPILER_APPICON_NAME = AppIcon;
				ASSETCATALOG_COMPILER_LAUNCHIMAGE_NAME = LaunchImage;
				GCC_PRECOMPILE_PREFIX_HEADER = YES;
				GCC_PREFIX_HEADER = "PlayerList/PlayerList-Prefix.pch";
				INFOPLIST_FILE = "PlayerList/PlayerList-Info.plist";
				PRODUCT_NAME = "$(TARGET_NAME)";
				WRAPPER_EXTENSION = app;
			};
			name = Release;
		};
		9D69BA4418EF681F00DC2F22 /* Debug */ = {
			isa = XCBuildConfiguration;
			buildSettings = {
				BUNDLE_LOADER = "$(BUILT_PRODUCTS_DIR)/PlayerList.app/PlayerList";
				FRAMEWORK_SEARCH_PATHS = (
					"$(SDKROOT)/Developer/Library/Frameworks",
					"$(inherited)",
					"$(DEVELOPER_FRAMEWORKS_DIR)",
				);
				GCC_PRECOMPILE_PREFIX_HEADER = YES;
				GCC_PREFIX_HEADER = "PlayerList/PlayerList-Prefix.pch";
				GCC_PREPROCESSOR_DEFINITIONS = (
					"DEBUG=1",
					"$(inherited)",
				);
				INFOPLIST_FILE = "PlayerListTests/PlayerListTests-Info.plist";
				PRODUCT_NAME = "$(TARGET_NAME)";
				TEST_HOST = "$(BUNDLE_LOADER)";
				WRAPPER_EXTENSION = xctest;
			};
			name = Debug;
		};
		9D69BA4518EF681F00DC2F22 /* Release */ = {
			isa = XCBuildConfiguration;
			buildSettings = {
				BUNDLE_LOADER = "$(BUILT_PRODUCTS_DIR)/PlayerList.app/PlayerList";
				FRAMEWORK_SEARCH_PATHS = (
					"$(SDKROOT)/Developer/Library/Frameworks",
					"$(inherited)",
					"$(DEVELOPER_FRAMEWORKS_DIR)",
				);
				GCC_PRECOMPILE_PREFIX_HEADER = YES;
				GCC_PREFIX_HEADER = "PlayerList/PlayerList-Prefix.pch";
				INFOPLIST_FILE = "PlayerListTests/PlayerListTests-Info.plist";
				PRODUCT_NAME = "$(TARGET_NAME)";
				TEST_HOST = "$(BUNDLE_LOADER)";
				WRAPPER_EXTENSION = xctest;
			};
			name = Release;
		};
/* End XCBuildConfiguration section */

/* Begin XCConfigurationList section */
		9D69B9FD18EF681F00DC2F22 /* Build configuration list for PBXProject "PlayerList" */ = {
			isa = XCConfigurationList;
			buildConfigurations = (
				9D69BA3E18EF681F00DC2F22 /* Debug */,
				9D69BA3F18EF681F00DC2F22 /* Release */,
			);
			defaultConfigurationIsVisible = 0;
			defaultConfigurationName = Release;
		};
		9D69BA4018EF681F00DC2F22 /* Build configuration list for PBXNativeTarget "PlayerList" */ = {
			isa = XCConfigurationList;
			buildConfigurations = (
				9D69BA4118EF681F00DC2F22 /* Debug */,
				9D69BA4218EF681F00DC2F22 /* Release */,
			);
			defaultConfigurationIsVisible = 0;
		};
		9D69BA4318EF681F00DC2F22 /* Build configuration list for PBXNativeTarget "PlayerListTests" */ = {
			isa = XCConfigurationList;
			buildConfigurations = (
				9D69BA4418EF681F00DC2F22 /* Debug */,
				9D69BA4518EF681F00DC2F22 /* Release */,
			);
			defaultConfigurationIsVisible = 0;
		};
/* End XCConfigurationList section */

/* Begin XCVersionGroup section */
		9D69BA1F18EF681F00DC2F22 /* PlayerList.xcdatamodeld */ = {
			isa = XCVersionGroup;
			children = (
				9D69BA2018EF681F00DC2F22 /* PlayerList.xcdatamodel */,
			);
			currentVersion = 9D69BA2018EF681F00DC2F22 /* PlayerList.xcdatamodel */;
			path = PlayerList.xcdatamodeld;
			sourceTree = "<group>";
			versionGroupType = wrapper.xcdatamodel;
		};
/* End XCVersionGroup section */
	};
	rootObject = 9D69B9FA18EF681F00DC2F22 /* Project object */;
}
